{
  "name": "streamdata",
  "version": "1.0.0",
  "lockfileVersion": 1,
  "requires": true,
  "dependencies": {
    "deep-equal": {
      "version": "1.0.1",
      "resolved": "http://registry.npm.taobao.org/deep-equal/download/deep-equal-1.0.1.tgz",
      "integrity": "sha1-9dJgKStmDghO/0zbyfCK0yR0SLU="
    },
    "fast-json-patch": {
      "version": "2.0.5",
      "resolved": "http://registry.npm.taobao.org/fast-json-patch/download/fast-json-patch-2.0.5.tgz",
      "integrity": "sha1-pxLoKb5pq3B1FEQMVAS92bDTxgk=",
      "requires": {
        "deep-equal": "1.0.1"
      }
    },
    "node-print": {
      "version": "0.0.4",
      "resolved": "http://registry.npm.taobao.org/node-print/download/node-print-0.0.4.tgz",
      "integrity": "sha1-5kxpiG4C5HzriWTz7SvepRRwgHY="
    },
    "streamdataio-js-sdk": {
      "version": "1.0.5",
      "resolved": "http://registry.npm.taobao.org/streamdataio-js-sdk/download/streamdataio-js-sdk-1.0.5.tgz",
      "integrity": "sha1-iX22EMgJwGGbS6qNGfIQXPZYBBU="
    },
    "streamdataio-js-sdk-auth": {
      "version": "1.0.1",
      "resolved": "http://registry.npm.taobao.org/streamdataio-js-sdk-auth/download/streamdataio-js-sdk-auth-1.0.1.tgz",
      "integrity": "sha1-w4WYYXEKPFAWm2uMSam0oQ5RoNM="
    }
  }
}
